
Microsoft Visual Studio Solution File, Format Version 12.00
# Visual Studio Version 17
VisualStudioVersion = 17.2.32516.85
MinimumVisualStudioVersion = 10.0.40219.1
Project("{FAE04EC0-301F-11D3-BF4B-00C04F79EFBC}") = "BlazorChatSignalR.Server", "BlazorChatSignalR\Server\BlazorChatSignalR.Server.csproj", "{5C138EEF-395E-42EB-A9DB-093083671667}"
EndProject
Project("{FAE04EC0-301F-11D3-BF4B-00C04F79EFBC}") = "BlazorChatSignalR.Client", "BlazorChatSignalR\Client\BlazorChatSignalR.Client.csproj", "{0186673E-555D-4CEB-A388-42BDC90E0220}"
EndProject
Project("{FAE04EC0-301F-11D3-BF4B-00C04F79EFBC}") = "BlazorChatSignalR.Shared", "BlazorChatSignalR\Shared\BlazorChatSignalR.Shared.csproj", "{0261E7D7-0FC2-4BA1-8B50-314EB8ECBC91}"
EndProject
Global
	GlobalSection(SolutionConfigurationPlatforms) = preSolution
		Debug|Any CPU = Debug|Any CPU
		Release|Any CPU = Release|Any CPU
	EndGlobalSection
	GlobalSection(ProjectConfigurationPlatforms) = postSolution
		{5C138EEF-395E-42EB-A9DB-093083671667}.Debug|Any CPU.ActiveCfg = Debug|Any CPU
		{5C138EEF-395E-42EB-A9DB-093083671667}.Debug|Any CPU.Build.0 = Debug|Any CPU
		{5C138EEF-395E-42EB-A9DB-093083671667}.Release|Any CPU.ActiveCfg = Release|Any CPU
		{5C138EEF-395E-42EB-A9DB-093083671667}.Release|Any CPU.Build.0 = Release|Any CPU
		{0186673E-555D-4CEB-A388-42BDC90E0220}.Debug|Any CPU.ActiveCfg = Debug|Any CPU
		{0186673E-555D-4CEB-A388-42BDC90E0220}.Debug|Any CPU.Build.0 = Debug|Any CPU
		{0186673E-555D-4CEB-A388-42BDC90E0220}.Release|Any CPU.ActiveCfg = Release|Any CPU
		{0186673E-555D-4CEB-A388-42BDC90E0220}.Release|Any CPU.Build.0 = Release|Any CPU
		{0261E7D7-0FC2-4BA1-8B50-314EB8ECBC91}.Debug|Any CPU.ActiveCfg = Debug|Any CPU
		{0261E7D7-0FC2-4BA1-8B50-314EB8ECBC91}.Debug|Any CPU.Build.0 = Debug|Any CPU
		{0261E7D7-0FC2-4BA1-8B50-314EB8ECBC91}.Release|Any CPU.ActiveCfg = Release|Any CPU
		{0261E7D7-0FC2-4BA1-8B50-314EB8ECBC91}.Release|Any CPU.Build.0 = Release|Any CPU
	EndGlobalSection
	GlobalSection(SolutionProperties) = preSolution
		HideSolutionNode = FALSE
	EndGlobalSection
	GlobalSection(ExtensibilityGlobals) = postSolution
		SolutionGuid = {0B37D78E-A2F3-482B-9B46-50FFDC6F2BC6}
	EndGlobalSection
EndGlobal
